// !$*UTF8*$!
{
	archiveVersion = 1;
	classes = {
	};
	objectVersion = 50;
	objects = {

/* Begin PBXBuildFile section */
		DF5E9451228A5470007DB891 /* TabBarViewController.swift in Sources */ = {isa = PBXBuildFile; fileRef = DF5E9450228A5470007DB891 /* TabBarViewController.swift */; };
		DF5E9453228A56F4007DB891 /* Color+Extension.swift in Sources */ = {isa = PBXBuildFile; fileRef = DF5E9452228A56F4007DB891 /* Color+Extension.swift */; };
		DF5E9455228B22C0007DB891 /* Assets.xcassets in Resources */ = {isa = PBXBuildFile; fileRef = DF5E9454228B22BF007DB891 /* Assets.xcassets */; };
		DF5E9457228BA632007DB891 /* View+Extension.swift in Sources */ = {isa = PBXBuildFile; fileRef = DF5E9456228BA632007DB891 /* View+Extension.swift */; };
		DF5E9459228BA76A007DB891 /* Constants.swift in Sources */ = {isa = PBXBuildFile; fileRef = DF5E9458228BA76A007DB891 /* Constants.swift */; };
		DF5E945B228BA810007DB891 /* CommentTableViewCell.swift in Sources */ = {isa = PBXBuildFile; fileRef = DF5E945A228BA810007DB891 /* CommentTableViewCell.swift */; };
		DF5E945D228BA906007DB891 /* Comment.swift in Sources */ = {isa = PBXBuildFile; fileRef = DF5E945C228BA906007DB891 /* Comment.swift */; };
		DF5E945F228BA991007DB891 /* DashboardPresenter.swift in Sources */ = {isa = PBXBuildFile; fileRef = DF5E945E228BA991007DB891 /* DashboardPresenter.swift */; };
		DF5E9461228BB46B007DB891 /* NSAttributedString+Extension.swift in Sources */ = {isa = PBXBuildFile; fileRef = DF5E9460228BB46B007DB891 /* NSAttributedString+Extension.swift */; };
		DF5E9463228C606E007DB891 /* User.swift in Sources */ = {isa = PBXBuildFile; fileRef = DF5E9462228C606E007DB891 /* User.swift */; };
		DF5E9465228C644C007DB891 /* UIImage+Extension.swift in Sources */ = {isa = PBXBuildFile; fileRef = DF5E9464228C644C007DB891 /* UIImage+Extension.swift */; };
		DF5E9467228C6605007DB891 /* UsersCollectionViewCell.swift in Sources */ = {isa = PBXBuildFile; fileRef = DF5E9466228C6605007DB891 /* UsersCollectionViewCell.swift */; };
		DF5E9476228CFDC5007DB891 /* Info.plist in Resources */ = {isa = PBXBuildFile; fileRef = DF5E9475228CFDC5007DB891 /* Info.plist */; };
		DFBCB5CA2289DC7400598176 /* UsersCollectionViewCell.xib in Resources */ = {isa = PBXBuildFile; fileRef = DFBCB5C92289DC7400598176 /* UsersCollectionViewCell.xib */; };
		DFF12A462289D2B700FEB040 /* AppDelegate.swift in Sources */ = {isa = PBXBuildFile; fileRef = DFF12A452289D2B700FEB040 /* AppDelegate.swift */; };
		DFF12A482289D2B700FEB040 /* DashboardViewController.swift in Sources */ = {isa = PBXBuildFile; fileRef = DFF12A472289D2B700FEB040 /* DashboardViewController.swift */; };
		DFF12A4B2289D2B700FEB040 /* Main.storyboard in Resources */ = {isa = PBXBuildFile; fileRef = DFF12A492289D2B700FEB040 /* Main.storyboard */; };
		DFF12A502289D2B900FEB040 /* LaunchScreen.storyboard in Resources */ = {isa = PBXBuildFile; fileRef = DFF12A4E2289D2B900FEB040 /* LaunchScreen.storyboard */; };
/* End PBXBuildFile section */

/* Begin PBXFileReference section */
		DF5E9450228A5470007DB891 /* TabBarViewController.swift */ = {isa = PBXFileReference; lastKnownFileType = sourcecode.swift; path = TabBarViewController.swift; sourceTree = "<group>"; };
		DF5E9452228A56F4007DB891 /* Color+Extension.swift */ = {isa = PBXFileReference; lastKnownFileType = sourcecode.swift; path = "Color+Extension.swift"; sourceTree = "<group>"; };
		DF5E9454228B22BF007DB891 /* Assets.xcassets */ = {isa = PBXFileReference; lastKnownFileType = folder.assetcatalog; path = Assets.xcassets; sourceTree = "<group>"; };
		DF5E9456228BA632007DB891 /* View+Extension.swift */ = {isa = PBXFileReference; lastKnownFileType = sourcecode.swift; path = "View+Extension.swift"; sourceTree = "<group>"; };
		DF5E9458228BA76A007DB891 /* Constants.swift */ = {isa = PBXFileReference; lastKnownFileType = sourcecode.swift; path = Constants.swift; sourceTree = "<group>"; };
		DF5E945A228BA810007DB891 /* CommentTableViewCell.swift */ = {isa = PBXFileReference; lastKnownFileType = sourcecode.swift; path = CommentTableViewCell.swift; sourceTree = "<group>"; };
		DF5E945C228BA906007DB891 /* Comment.swift */ = {isa = PBXFileReference; lastKnownFileType = sourcecode.swift; path = Comment.swift; sourceTree = "<group>"; };
		DF5E945E228BA991007DB891 /* DashboardPresenter.swift */ = {isa = PBXFileReference; lastKnownFileType = sourcecode.swift; path = DashboardPresenter.swift; sourceTree = "<group>"; };
		DF5E9460228BB46B007DB891 /* NSAttributedString+Extension.swift */ = {isa = PBXFileReference; lastKnownFileType = sourcecode.swift; path = "NSAttributedString+Extension.swift"; sourceTree = "<group>"; };
		DF5E9462228C606E007DB891 /* User.swift */ = {isa = PBXFileReference; lastKnownFileType = sourcecode.swift; path = User.swift; sourceTree = "<group>"; };
		DF5E9464228C644C007DB891 /* UIImage+Extension.swift */ = {isa = PBXFileReference; lastKnownFileType = sourcecode.swift; path = "UIImage+Extension.swift"; sourceTree = "<group>"; };
		DF5E9466228C6605007DB891 /* UsersCollectionViewCell.swift */ = {isa = PBXFileReference; lastKnownFileType = sourcecode.swift; path = UsersCollectionViewCell.swift; sourceTree = "<group>"; };
		DF5E9475228CFDC5007DB891 /* Info.plist */ = {isa = PBXFileReference; fileEncoding = 4; lastKnownFileType = text.plist.xml; name = Info.plist; path = StreamLabs/Info.plist; sourceTree = "<group>"; };
		DFBCB5C92289DC7400598176 /* UsersCollectionViewCell.xib */ = {isa = PBXFileReference; lastKnownFileType = file.xib; path = UsersCollectionViewCell.xib; sourceTree = "<group>"; };
		DFF12A422289D2B700FEB040 /* StreamLabs.app */ = {isa = PBXFileReference; explicitFileType = wrapper.application; includeInIndex = 0; path = StreamLabs.app; sourceTree = BUILT_PRODUCTS_DIR; };
		DFF12A452289D2B700FEB040 /* AppDelegate.swift */ = {isa = PBXFileReference; lastKnownFileType = sourcecode.swift; path = AppDelegate.swift; sourceTree = "<group>"; };
		DFF12A472289D2B700FEB040 /* DashboardViewController.swift */ = {isa = PBXFileReference; lastKnownFileType = sourcecode.swift; path = DashboardViewController.swift; sourceTree = "<group>"; };
		DFF12A4A2289D2B700FEB040 /* Base */ = {isa = PBXFileReference; lastKnownFileType = file.storyboard; name = Base; path = Base.lproj/Main.storyboard; sourceTree = "<group>"; };
		DFF12A4F2289D2B900FEB040 /* Base */ = {isa = PBXFileReference; lastKnownFileType = file.storyboard; name = Base; path = Base.lproj/LaunchScreen.storyboard; sourceTree = "<group>"; };
/* End PBXFileReference section */

/* Begin PBXFrameworksBuildPhase section */
		DFF12A3F2289D2B700FEB040 /* Frameworks */ = {
			isa = PBXFrameworksBuildPhase;
			buildActionMask = 2147483647;
			files = (
			);
			runOnlyForDeploymentPostprocessing = 0;
		};
/* End PBXFrameworksBuildPhase section */

/* Begin PBXGroup section */
		DF5E946A228CF5FB007DB891 /* Dashboard */ = {
			isa = PBXGroup;
			children = (
				DF5E946B228CF60D007DB891 /* View */,
				DF5E946E228CF655007DB891 /* Presenter */,
			);
			path = Dashboard;
			sourceTree = "<group>";
		};
		DF5E946B228CF60D007DB891 /* View */ = {
			isa = PBXGroup;
			children = (
				DF5E946C228CF61A007DB891 /* Cells */,
				DFF12A472289D2B700FEB040 /* DashboardViewController.swift */,
			);
			path = View;
			sourceTree = "<group>";
		};
		DF5E946C228CF61A007DB891 /* Cells */ = {
			isa = PBXGroup;
			children = (
				DF5E946D228CF633007DB891 /* User Collection Cell  */,
				DF5E945A228BA810007DB891 /* CommentTableViewCell.swift */,
			);
			path = Cells;
			sourceTree = "<group>";
		};
		DF5E946D228CF633007DB891 /* User Collection Cell  */ = {
			isa = PBXGroup;
			children = (
				DFBCB5C92289DC7400598176 /* UsersCollectionViewCell.xib */,
				DF5E9466228C6605007DB891 /* UsersCollectionViewCell.swift */,
			);
			path = "User Collection Cell ";
			sourceTree = "<group>";
		};
		DF5E946E228CF655007DB891 /* Presenter */ = {
			isa = PBXGroup;
			children = (
				DF5E945E228BA991007DB891 /* DashboardPresenter.swift */,
			);
			path = Presenter;
			sourceTree = "<group>";
		};
		DF5E946F228CF661007DB891 /* Models */ = {
			isa = PBXGroup;
			children = (
				DF5E945C228BA906007DB891 /* Comment.swift */,
				DF5E9462228C606E007DB891 /* User.swift */,
			);
			path = Models;
			sourceTree = "<group>";
		};
		DF5E9470228CF674007DB891 /* Extension */ = {
			isa = PBXGroup;
			children = (
				DF5E9452228A56F4007DB891 /* Color+Extension.swift */,
				DF5E9456228BA632007DB891 /* View+Extension.swift */,
				DF5E9464228C644C007DB891 /* UIImage+Extension.swift */,
				DF5E9460228BB46B007DB891 /* NSAttributedString+Extension.swift */,
			);
			path = Extension;
			sourceTree = "<group>";
		};
		DF5E9471228CF693007DB891 /* TabBar */ = {
			isa = PBXGroup;
			children = (
				DF5E9450228A5470007DB891 /* TabBarViewController.swift */,
			);
			path = TabBar;
			sourceTree = "<group>";
		};
		DF5E9472228CF6A9007DB891 /* Storyboards */ = {
			isa = PBXGroup;
			children = (
				DFF12A492289D2B700FEB040 /* Main.storyboard */,
				DFF12A4E2289D2B900FEB040 /* LaunchScreen.storyboard */,
			);
			path = Storyboards;
			sourceTree = "<group>";
		};
		DF5E9473228CF6C8007DB891 /* Resources */ = {
			isa = PBXGroup;
			children = (
				DF5E9458228BA76A007DB891 /* Constants.swift */,
				DF5E9454228B22BF007DB891 /* Assets.xcassets */,
			);
			path = Resources;
			sourceTree = "<group>";
		};
		DF5E9474228CF6E9007DB891 /* Modules */ = {
			isa = PBXGroup;
			children = (
				DF5E946A228CF5FB007DB891 /* Dashboard */,
				DF5E9471228CF693007DB891 /* TabBar */,
			);
			path = Modules;
			sourceTree = "<group>";
		};
		DFF12A392289D2B700FEB040 = {
			isa = PBXGroup;
			children = (
				DFF12A442289D2B700FEB040 /* StreamLabs */,
				DF5E9475228CFDC5007DB891 /* Info.plist */,
				DFF12A432289D2B700FEB040 /* Products */,
			);
			sourceTree = "<group>";
		};
		DFF12A432289D2B700FEB040 /* Products */ = {
			isa = PBXGroup;
			children = (
				DFF12A422289D2B700FEB040 /* StreamLabs.app */,
			);
			name = Products;
			sourceTree = "<group>";
		};
		DFF12A442289D2B700FEB040 /* StreamLabs */ = {
			isa = PBXGroup;
			children = (
				DFF12A452289D2B700FEB040 /* AppDelegate.swift */,
				DF5E9474228CF6E9007DB891 /* Modules */,
				DF5E946F228CF661007DB891 /* Models */,
				DF5E9470228CF674007DB891 /* Extension */,
				DF5E9473228CF6C8007DB891 /* Resources */,
				DF5E9472228CF6A9007DB891 /* Storyboards */,
			);
			path = StreamLabs;
			sourceTree = "<group>";
		};
/* End PBXGroup section */

/* Begin PBXNativeTarget section */
		DFF12A412289D2B700FEB040 /* StreamLabs */ = {
			isa = PBXNativeTarget;
			buildConfigurationList = DFF12A542289D2B900FEB040 /* Build configuration list for PBXNativeTarget "StreamLabs" */;
			buildPhases = (
				DFF12A3E2289D2B700FEB040 /* Sources */,
				DFF12A3F2289D2B700FEB040 /* Frameworks */,
				DFF12A402289D2B700FEB040 /* Resources */,
			);
			buildRules = (
			);
			dependencies = (
			);
			name = StreamLabs;
			productName = StreamLabs;
			productReference = DFF12A422289D2B700FEB040 /* StreamLabs.app */;
			productType = "com.apple.product-type.application";
		};
/* End PBXNativeTarget section */

/* Begin PBXProject section */
		DFF12A3A2289D2B700FEB040 /* Project object */ = {
			isa = PBXProject;
			attributes = {
				LastSwiftUpdateCheck = 1010;
				LastUpgradeCheck = 1010;
				ORGANIZATIONNAME = "Islam Metwally";
				TargetAttributes = {
					DFF12A412289D2B700FEB040 = {
						CreatedOnToolsVersion = 10.1;
					};
				};
			};
			buildConfigurationList = DFF12A3D2289D2B700FEB040 /* Build configuration list for PBXProject "StreamLabs" */;
			compatibilityVersion = "Xcode 9.3";
			developmentRegion = en;
			hasScannedForEncodings = 0;
			knownRegions = (
				en,
				Base,
			);
			mainGroup = DFF12A392289D2B700FEB040;
			productRefGroup = DFF12A432289D2B700FEB040 /* Products */;
			projectDirPath = "";
			projectRoot = "";
			targets = (
				DFF12A412289D2B700FEB040 /* StreamLabs */,
			);
		};
/* End PBXProject section */

/* Begin PBXResourcesBuildPhase section */
		DFF12A402289D2B700FEB040 /* Resources */ = {
			isa = PBXResourcesBuildPhase;
			buildActionMask = 2147483647;
			files = (
				DFF12A502289D2B900FEB040 /* LaunchScreen.storyboard in Resources */,
				DFBCB5CA2289DC7400598176 /* UsersCollectionViewCell.xib in Resources */,
				DF5E9455228B22C0007DB891 /* Assets.xcassets in Resources */,
				DF5E9476228CFDC5007DB891 /* Info.plist in Resources */,
				DFF12A4B2289D2B700FEB040 /* Main.storyboard in Resources */,
			);
			runOnlyForDeploymentPostprocessing = 0;
		};
/* End PBXResourcesBuildPhase section */

/* Begin PBXSourcesBuildPhase section */
		DFF12A3E2289D2B700FEB040 /* Sources */ = {
			isa = PBXSourcesBuildPhase;
			buildActionMask = 2147483647;
			files = (
				DFF12A482289D2B700FEB040 /* DashboardViewController.swift in Sources */,
				DF5E9459228BA76A007DB891 /* Constants.swift in Sources */,
				DF5E9451228A5470007DB891 /* TabBarViewController.swift in Sources */,
				DF5E9467228C6605007DB891 /* UsersCollectionViewCell.swift in Sources */,
				DF5E9465228C644C007DB891 /* UIImage+Extension.swift in Sources */,
				DF5E945D228BA906007DB891 /* Comment.swift in Sources */,
				DF5E9457228BA632007DB891 /* View+Extension.swift in Sources */,
				DF5E945F228BA991007DB891 /* DashboardPresenter.swift in Sources */,
				DF5E945B228BA810007DB891 /* CommentTableViewCell.swift in Sources */,
				DF5E9461228BB46B007DB891 /* NSAttributedString+Extension.swift in Sources */,
				DFF12A462289D2B700FEB040 /* AppDelegate.swift in Sources */,
				DF5E9453228A56F4007DB891 /* Color+Extension.swift in Sources */,
				DF5E9463228C606E007DB891 /* User.swift in Sources */,
			);
			runOnlyForDeploymentPostprocessing = 0;
		};
/* End PBXSourcesBuildPhase section */

/* Begin PBXVariantGroup section */
		DFF12A492289D2B700FEB040 /* Main.storyboard */ = {
			isa = PBXVariantGroup;
			children = (
				DFF12A4A2289D2B700FEB040 /* Base */,
			);
			name = Main.storyboard;
			sourceTree = "<group>";
		};
		DFF12A4E2289D2B900FEB040 /* LaunchScreen.storyboard */ = {
			isa = PBXVariantGroup;
			children = (
				DFF12A4F2289D2B900FEB040 /* Base */,
			);
			name = LaunchScreen.storyboard;
			sourceTree = "<group>";
		};
/* End PBXVariantGroup section */

/* Begin XCBuildConfiguration section */
		DFF12A522289D2B900FEB040 /* Debug */ = {
			isa = XCBuildConfiguration;
			buildSettings = {
				ALWAYS_SEARCH_USER_PATHS = NO;
				CLANG_ANALYZER_NONNULL = YES;
				CLANG_ANALYZER_NUMBER_OBJECT_CONVERSION = YES_AGGRESSIVE;
				CLANG_CXX_LANGUAGE_STANDARD = "gnu++14";
				CLANG_CXX_LIBRARY = "libc++";
				CLANG_ENABLE_MODULES = YES;
				CLANG_ENABLE_OBJC_ARC = YES;
				CLANG_ENABLE_OBJC_WEAK = YES;
				CLANG_WARN_BLOCK_CAPTURE_AUTORELEASING = YES;
				CLANG_WARN_BOOL_CONVERSION = YES;
				CLANG_WARN_COMMA = YES;
				CLANG_WARN_CONSTANT_CONVERSION = YES;
				CLANG_WARN_DEPRECATED_OBJC_IMPLEMENTATIONS = YES;
				CLANG_WARN_DIRECT_OBJC_ISA_USAGE = YES_ERROR;
				CLANG_WARN_DOCUMENTATION_COMMENTS = YES;
				CLANG_WARN_EMPTY_BODY = YES;
				CLANG_WARN_ENUM_CONVERSION = YES;
				CLANG_WARN_INFINITE_RECURSION = YES;
				CLANG_WARN_INT_CONVERSION = YES;
				CLANG_WARN_NON_LITERAL_NULL_CONVERSION = YES;
				CLANG_WARN_OBJC_IMPLICIT_RETAIN_SELF = YES;
				CLANG_WARN_OBJC_LITERAL_CONVERSION = YES;
				CLANG_WARN_OBJC_ROOT_CLASS = YES_ERROR;
				CLANG_WARN_RANGE_LOOP_ANALYSIS = YES;
				CLANG_WARN_STRICT_PROTOTYPES = YES;
				CLANG_WARN_SUSPICIOUS_MOVE = YES;
				CLANG_WARN_UNGUARDED_AVAILABILITY = YES_AGGRESSIVE;
				CLANG_WARN_UNREACHABLE_CODE = YES;
				CLANG_WARN__DUPLICATE_METHOD_MATCH = YES;
				CODE_SIGN_IDENTITY = "iPhone Developer";
				COPY_PHASE_STRIP = NO;
				DEBUG_INFORMATION_FORMAT = dwarf;
				ENABLE_STRICT_OBJC_MSGSEND = YES;
				ENABLE_TESTABILITY = YES;
				GCC_C_LANGUAGE_STANDARD = gnu11;
				GCC_DYNAMIC_NO_PIC = NO;
				GCC_NO_COMMON_BLOCKS = YES;
				GCC_OPTIMIZATION_LEVEL = 0;
				GCC_PREPROCESSOR_DEFINITIONS = (
					"DEBUG=1",
					"$(inherited)",
				);
				GCC_WARN_64_TO_32_BIT_CONVERSION = YES;
				GCC_WARN_ABOUT_RETURN_TYPE = YES_ERROR;
				GCC_WARN_UNDECLARED_SELECTOR = YES;
				GCC_WARN_UNINITIALIZED_AUTOS = YES_AGGRESSIVE;
				GCC_WARN_UNUSED_FUNCTION = YES;
				GCC_WARN_UNUSED_VARIABLE = YES;
				IPHONEOS_DEPLOYMENT_TARGET = 12.1;
				MTL_ENABLE_DEBUG_INFO = INCLUDE_SOURCE;
				MTL_FAST_MATH = YES;
				ONLY_ACTIVE_ARCH = YES;
				SDKROOT = iphoneos;
				SWIFT_ACTIVE_COMPILATION_CONDITIONS = DEBUG;
				SWIFT_OPTIMIZATION_LEVEL = "-Onone";
			};
			name = Debug;
		};
		DFF12A532289D2B900FEB040 /* Release */ = {
			isa = XCBuildConfiguration;
			buildSettings = {
				ALWAYS_SEARCH_USER_PATHS = NO;
				CLANG_ANALYZER_NONNULL = YES;
				CLANG_ANALYZER_NUMBER_OBJECT_CONVERSION = YES_AGGRESSIVE;
				CLANG_CXX_LANGUAGE_STANDARD = "gnu++14";
				CLANG_CXX_LIBRARY = "libc++";
				CLANG_ENABLE_MODULES = YES;
				CLANG_ENABLE_OBJC_ARC = YES;
				CLANG_ENABLE_OBJC_WEAK = YES;
				CLANG_WARN_BLOCK_CAPTURE_AUTORELEASING = YES;
				CLANG_WARN_BOOL_CONVERSION = YES;
				CLANG_WARN_COMMA = YES;
				CLANG_WARN_CONSTANT_CONVERSION = YES;
				CLANG_WARN_DEPRECATED_OBJC_IMPLEMENTATIONS = YES;
				CLANG_WARN_DIRECT_OBJC_ISA_USAGE = YES_ERROR;
				CLANG_WARN_DOCUMENTATION_COMMENTS = YES;
				CLANG_WARN_EMPTY_BODY = YES;
				CLANG_WARN_ENUM_CONVERSION = YES;
				CLANG_WARN_INFINITE_RECURSION = YES;
				CLANG_WARN_INT_CONVERSION = YES;
				CLANG_WARN_NON_LITERAL_NULL_CONVERSION = YES;
				CLANG_WARN_OBJC_IMPLICIT_RETAIN_SELF = YES;
				CLANG_WARN_OBJC_LITERAL_CONVERSION = YES;
				CLANG_WARN_OBJC_ROOT_CLASS = YES_ERROR;
				CLANG_WARN_RANGE_LOOP_ANALYSIS = YES;
				CLANG_WARN_STRICT_PROTOTYPES = YES;
				CLANG_WARN_SUSPICIOUS_MOVE = YES;
				CLANG_WARN_UNGUARDED_AVAILABILITY = YES_AGGRESSIVE;
				CLANG_WARN_UNREACHABLE_CODE = YES;
				CLANG_WARN__DUPLICATE_METHOD_MATCH = YES;
				CODE_SIGN_IDENTITY = "iPhone Developer";
				COPY_PHASE_STRIP = NO;
				DEBUG_INFORMATION_FORMAT = "dwarf-with-dsym";
				ENABLE_NS_ASSERTIONS = NO;
				ENABLE_STRICT_OBJC_MSGSEND = YES;
				GCC_C_LANGUAGE_STANDARD = gnu11;
				GCC_NO_COMMON_BLOCKS = YES;
				GCC_WARN_64_TO_32_BIT_CONVERSION = YES;
				GCC_WARN_ABOUT_RETURN_TYPE = YES_ERROR;
				GCC_WARN_UNDECLARED_SELECTOR = YES;
				GCC_WARN_UNINITIALIZED_AUTOS = YES_AGGRESSIVE;
				GCC_WARN_UNUSED_FUNCTION = YES;
				GCC_WARN_UNUSED_VARIABLE = YES;
				IPHONEOS_DEPLOYMENT_TARGET = 12.1;
				MTL_ENABLE_DEBUG_INFO = NO;
				MTL_FAST_MATH = YES;
				SDKROOT = iphoneos;
				SWIFT_COMPILATION_MODE = wholemodule;
				SWIFT_OPTIMIZATION_LEVEL = "-O";
				VALIDATE_PRODUCT = YES;
			};
			name = Release;
		};
		DFF12A552289D2B900FEB040 /* Debug */ = {
			isa = XCBuildConfiguration;
			buildSettings = {
				ASSETCATALOG_COMPILER_APPICON_NAME = AppIcon;
				CODE_SIGN_STYLE = Automatic;
				INFOPLIST_FILE = StreamLabs/Info.plist;
				LD_RUNPATH_SEARCH_PATHS = (
					"$(inherited)",
					"@executable_path/Frameworks",
				);
				PRODUCT_BUNDLE_IDENTIFIER = com.isaiko.StreamLabs;
				PRODUCT_NAME = "$(TARGET_NAME)";
				SWIFT_VERSION = 4.2;
				TARGETED_DEVICE_FAMILY = "1,2";
			};
			name = Debug;
		};
		DFF12A562289D2B900FEB040 /* Release */ = {
			isa = XCBuildConfiguration;
			buildSettings = {
				ASSETCATALOG_COMPILER_APPICON_NAME = AppIcon;
				CODE_SIGN_STYLE = Automatic;
				INFOPLIST_FILE = StreamLabs/Info.plist;
				LD_RUNPATH_SEARCH_PATHS = (
					"$(inherited)",
					"@executable_path/Frameworks",
				);
				PRODUCT_BUNDLE_IDENTIFIER = com.isaiko.StreamLabs;
				PRODUCT_NAME = "$(TARGET_NAME)";
				SWIFT_VERSION = 4.2;
				TARGETED_DEVICE_FAMILY = "1,2";
			};
			name = Release;
		};
/* End XCBuildConfiguration section */

/* Begin XCConfigurationList section */
		DFF12A3D2289D2B700FEB040 /* Build configuration list for PBXProject "StreamLabs" */ = {
			isa = XCConfigurationList;
			buildConfigurations = (
				DFF12A522289D2B900FEB040 /* Debug */,
				DFF12A532289D2B900FEB040 /* Release */,
			);
			defaultConfigurationIsVisible = 0;
			defaultConfigurationName = Release;
		};
		DFF12A542289D2B900FEB040 /* Build configuration list for PBXNativeTarget "StreamLabs" */ = {
			isa = XCConfigurationList;
			buildConfigurations = (
				DFF12A552289D2B900FEB040 /* Debug */,
				DFF12A562289D2B900FEB040 /* Release */,
			);
			defaultConfigurationIsVisible = 0;
			defaultConfigurationName = Release;
		};
/* End XCConfigurationList section */
	};
	rootObject = DFF12A3A2289D2B700FEB040 /* Project object */;
}
